
Microsoft Visual Studio Solution File, Format Version 12.00
# Visual Studio Version 16
VisualStudioVersion = 16.0.29613.14
MinimumVisualStudioVersion = 10.0.40219.1
Project("{FAE04EC0-301F-11D3-BF4B-00C04F79EFBC}") = "Demodelegate", "Demodelegate.csproj", "{EBF16FC6-D895-4BAC-AF7C-E8193ECFFBCB}"
EndProject
Global
	GlobalSection(SolutionConfigurationPlatforms) = preSolution
		Debug|Any CPU = Debug|Any CPU
		Release|Any CPU = Release|Any CPU
	EndGlobalSection
	GlobalSection(ProjectConfigurationPlatforms) = postSolution
		{EBF16FC6-D895-4BAC-AF7C-E8193ECFFBCB}.Debug|Any CPU.ActiveCfg = Debug|Any CPU
		{EBF16FC6-D895-4BAC-AF7C-E8193ECFFBCB}.Debug|Any CPU.Build.0 = Debug|Any CPU
		{EBF16FC6-D895-4BAC-AF7C-E8193ECFFBCB}.Release|Any CPU.ActiveCfg = Release|Any CPU
		{EBF16FC6-D895-4BAC-AF7C-E8193ECFFBCB}.Release|Any CPU.Build.0 = Release|Any CPU
	EndGlobalSection
	GlobalSection(SolutionProperties) = preSolution
		HideSolutionNode = FALSE
	EndGlobalSection
	GlobalSection(ExtensibilityGlobals) = postSolution
		SolutionGuid = {957D0F8B-605D-4BFA-B8BA-67F8182D60EE}
	EndGlobalSection
EndGlobal
